{
  "requires": true,
  "lockfileVersion": 1,
  "dependencies": {
    "get-set-form-values": {
      "version": "2.0.1",
      "resolved": "https://registry.npmjs.org/get-set-form-values/-/get-set-form-values-2.0.1.tgz",
      "integrity": "sha512-7eg22ceyGStx+qEMDzoz/8NTfEvw9rdIXEkUenoRBKYiXfDcelBt/1GNf6PMIU1BwI41ci1O/XzhW5+aUpMVGg=="
    }
  }
}
